
Microsoft Visual Studio Solution File, Format Version 12.00
# Visual Studio Version 17
VisualStudioVersion = 17.4.33103.184
MinimumVisualStudioVersion = 10.0.40219.1
Project("{9A19103F-16F7-4668-BE54-9A1E7A4F7556}") = "FunGame.Desktop", "FunGame.Desktop.csproj", "{22D5BDE1-69FE-460D-84C8-11B396A70635}"
EndProject
Global
	GlobalSection(SolutionConfigurationPlatforms) = preSolution
		Debug|Any CPU = Debug|Any CPU
		Release|Any CPU = Release|Any CPU
	EndGlobalSection
	GlobalSection(ProjectConfigurationPlatforms) = postSolution
		{22D5BDE1-69FE-460D-84C8-11B396A70635}.Debug|Any CPU.ActiveCfg = Debug|Any CPU
		{22D5BDE1-69FE-460D-84C8-11B396A70635}.Debug|Any CPU.Build.0 = Debug|Any CPU
		{22D5BDE1-69FE-460D-84C8-11B396A70635}.Release|Any CPU.ActiveCfg = Release|Any CPU
		{22D5BDE1-69FE-460D-84C8-11B396A70635}.Release|Any CPU.Build.0 = Release|Any CPU
	EndGlobalSection
	GlobalSection(SolutionProperties) = preSolution
		HideSolutionNode = FALSE
	EndGlobalSection
	GlobalSection(ExtensibilityGlobals) = postSolution
		SolutionGuid = {F4D2F503-8CFC-4B03-9B33-D2DDAB33B84E}
	EndGlobalSection
EndGlobal
